{
  "name": "grader-ui",
  "version": "0.1.0",
  "lockfileVersion": 3,
  "requires": true,
  "packages": {
    "": {
      "name": "grader-ui",
      "version": "0.1.0",
      "dependencies": {
        "@tjakoen/grain": "^0.1.0"
      },
      "bin": {
        "grader-dashboard": "src/build-dashboard.mjs"
      }
    },
    "node_modules/@tjakoen/grain": {
      "version": "0.1.0",
      "resolved": "https://npm.pkg.github.com/download/@tjakoen/grain/0.1.0/d0499abcaeaf39d7947a5c441ffcc9f2b0471447",
      "integrity": "sha512-+dFPi0aTvMuSe8LuZxHcihLNAddsxaXlJZHtccPTZXNR5oLs3gZFf7DUoq79s42f4/sjLk9QJMtdUxp0nyFpBA==",
      "license": "Apache-2.0"
    }
  }
}
