{
  "name": "grader-ui",
  "version": "0.1.0",
  "lockfileVersion": 3,
  "requires": true,
  "packages": {
    "": {
      "name": "grader-ui",
      "version": "0.1.0",
      "dependencies": {
        "@tjakoen/grain": "^0.1.8"
      }
    },
    "node_modules/@tjakoen/grain": {
      "version": "0.1.8",
      "resolved": "https://npm.pkg.github.com/download/@tjakoen/grain/0.1.8/306508ba98b83037130eb747c8e7b7d7be78da52",
      "integrity": "sha512-zTMwg/WpQIta38n+2cK57itN5jkd5bZpxc11nqkrpb7bQVEAy4Z5BTVCbVCNGIJVZlPUCQu9uxJ0bmqkqqaRfA==",
      "license": "Apache-2.0"
    }
  }
}
